
Microsoft Visual Studio Solution File, Format Version 12.00
# Visual Studio Version 16
VisualStudioVersion = 16.0.30523.141
MinimumVisualStudioVersion = 10.0.40219.1
Project("{FAE04EC0-301F-11D3-BF4B-00C04F79EFBC}") = "BBFL_GUI", "BBFL_GUI.csproj", "{8D42EE7F-9132-432B-BEAE-1565111EFF7B}"
EndProject
Global
	GlobalSection(SolutionConfigurationPlatforms) = preSolution
		Debug|Any CPU = Debug|Any CPU
		Release|Any CPU = Release|Any CPU
	EndGlobalSection
	GlobalSection(ProjectConfigurationPlatforms) = postSolution
		{8D42EE7F-9132-432B-BEAE-1565111EFF7B}.Debug|Any CPU.ActiveCfg = Debug|Any CPU
		{8D42EE7F-9132-432B-BEAE-1565111EFF7B}.Debug|Any CPU.Build.0 = Debug|Any CPU
		{8D42EE7F-9132-432B-BEAE-1565111EFF7B}.Release|Any CPU.ActiveCfg = Release|Any CPU
		{8D42EE7F-9132-432B-BEAE-1565111EFF7B}.Release|Any CPU.Build.0 = Release|Any CPU
	EndGlobalSection
	GlobalSection(SolutionProperties) = preSolution
		HideSolutionNode = FALSE
	EndGlobalSection
	GlobalSection(ExtensibilityGlobals) = postSolution
		SolutionGuid = {12137206-2C58-47D9-8C73-608D872AC5A0}
	EndGlobalSection
EndGlobal
